
Microsoft Visual Studio Solution File, Format Version 12.00
Project("{FAE04EC0-301F-11D3-BF4B-00C04F79EFBC}") = "MBS-COMMAND.API", "MBS-COMMAND.API\MBS-COMMAND.API.csproj", "{F3E9CE9F-6635-404C-B3BC-18CD99AEE61A}"
EndProject
Project("{FAE04EC0-301F-11D3-BF4B-00C04F79EFBC}") = "MBS-COMMAND.Application", "MBS-COMMAND.Application\MBS-COMMAND.Application.csproj", "{20549E69-3B84-4A87-8F69-AD5D1B736D04}"
EndProject
Project("{FAE04EC0-301F-11D3-BF4B-00C04F79EFBC}") = "MBS-COMMAND.Contract", "MBS-COMMAND.Contract\MBS-COMMAND.Contract.csproj", "{479DA33D-12A2-491B-A83F-E6B2618FBAE3}"
EndProject
Project("{FAE04EC0-301F-11D3-BF4B-00C04F79EFBC}") = "MBS-COMMAND.Domain", "MBS-COMMAND.Domain\MBS-COMMAND.Domain.csproj", "{D23356A1-761B-45E0-96D0-DE6EA3239EB5}"
EndProject
Project("{FAE04EC0-301F-11D3-BF4B-00C04F79EFBC}") = "MBS-COMMAND.Infrastructure", "MBS-COMMAND.Infrastructure\MBS-COMMAND.Infrastructure.csproj", "{362B2C26-7DDB-4914-8BD4-2A63E83CDE1B}"
EndProject
Project("{FAE04EC0-301F-11D3-BF4B-00C04F79EFBC}") = "MBS-COMMAND.Persistence", "MBS-COMMAND.Persistence\MBS-COMMAND.Persistence.csproj", "{7CACA00F-E863-40F0-BE10-FA74F37CFE55}"
EndProject
Project("{FAE04EC0-301F-11D3-BF4B-00C04F79EFBC}") = "MBS-COMMAND.Presentation", "MBS-COMMAND.Presentation\MBS-COMMAND.Presentation.csproj", "{8DFD2B25-E42E-4253-AA98-039D2DBFD36A}"
EndProject
Global
	GlobalSection(SolutionConfigurationPlatforms) = preSolution
		Debug|Any CPU = Debug|Any CPU
		Release|Any CPU = Release|Any CPU
	EndGlobalSection
	GlobalSection(ProjectConfigurationPlatforms) = postSolution
		{F3E9CE9F-6635-404C-B3BC-18CD99AEE61A}.Debug|Any CPU.ActiveCfg = Debug|Any CPU
		{F3E9CE9F-6635-404C-B3BC-18CD99AEE61A}.Debug|Any CPU.Build.0 = Debug|Any CPU
		{F3E9CE9F-6635-404C-B3BC-18CD99AEE61A}.Release|Any CPU.ActiveCfg = Release|Any CPU
		{F3E9CE9F-6635-404C-B3BC-18CD99AEE61A}.Release|Any CPU.Build.0 = Release|Any CPU
		{20549E69-3B84-4A87-8F69-AD5D1B736D04}.Debug|Any CPU.ActiveCfg = Debug|Any CPU
		{20549E69-3B84-4A87-8F69-AD5D1B736D04}.Debug|Any CPU.Build.0 = Debug|Any CPU
		{20549E69-3B84-4A87-8F69-AD5D1B736D04}.Release|Any CPU.ActiveCfg = Release|Any CPU
		{20549E69-3B84-4A87-8F69-AD5D1B736D04}.Release|Any CPU.Build.0 = Release|Any CPU
		{479DA33D-12A2-491B-A83F-E6B2618FBAE3}.Debug|Any CPU.ActiveCfg = Debug|Any CPU
		{479DA33D-12A2-491B-A83F-E6B2618FBAE3}.Debug|Any CPU.Build.0 = Debug|Any CPU
		{479DA33D-12A2-491B-A83F-E6B2618FBAE3}.Release|Any CPU.ActiveCfg = Release|Any CPU
		{479DA33D-12A2-491B-A83F-E6B2618FBAE3}.Release|Any CPU.Build.0 = Release|Any CPU
		{D23356A1-761B-45E0-96D0-DE6EA3239EB5}.Debug|Any CPU.ActiveCfg = Debug|Any CPU
		{D23356A1-761B-45E0-96D0-DE6EA3239EB5}.Debug|Any CPU.Build.0 = Debug|Any CPU
		{D23356A1-761B-45E0-96D0-DE6EA3239EB5}.Release|Any CPU.ActiveCfg = Release|Any CPU
		{D23356A1-761B-45E0-96D0-DE6EA3239EB5}.Release|Any CPU.Build.0 = Release|Any CPU
		{362B2C26-7DDB-4914-8BD4-2A63E83CDE1B}.Debug|Any CPU.ActiveCfg = Debug|Any CPU
		{362B2C26-7DDB-4914-8BD4-2A63E83CDE1B}.Debug|Any CPU.Build.0 = Debug|Any CPU
		{362B2C26-7DDB-4914-8BD4-2A63E83CDE1B}.Release|Any CPU.ActiveCfg = Release|Any CPU
		{362B2C26-7DDB-4914-8BD4-2A63E83CDE1B}.Release|Any CPU.Build.0 = Release|Any CPU
		{7CACA00F-E863-40F0-BE10-FA74F37CFE55}.Debug|Any CPU.ActiveCfg = Debug|Any CPU
		{7CACA00F-E863-40F0-BE10-FA74F37CFE55}.Debug|Any CPU.Build.0 = Debug|Any CPU
		{7CACA00F-E863-40F0-BE10-FA74F37CFE55}.Release|Any CPU.ActiveCfg = Release|Any CPU
		{7CACA00F-E863-40F0-BE10-FA74F37CFE55}.Release|Any CPU.Build.0 = Release|Any CPU
		{8DFD2B25-E42E-4253-AA98-039D2DBFD36A}.Debug|Any CPU.ActiveCfg = Debug|Any CPU
		{8DFD2B25-E42E-4253-AA98-039D2DBFD36A}.Debug|Any CPU.Build.0 = Debug|Any CPU
		{8DFD2B25-E42E-4253-AA98-039D2DBFD36A}.Release|Any CPU.ActiveCfg = Release|Any CPU
		{8DFD2B25-E42E-4253-AA98-039D2DBFD36A}.Release|Any CPU.Build.0 = Release|Any CPU
	EndGlobalSection
EndGlobal
