
Microsoft Visual Studio Solution File, Format Version 12.00
Project("{FAE04EC0-301F-11D3-BF4B-00C04F79EFBC}") = "MBS-COMMAND.API", "MBS-COMMAND.API\MBS-COMMAND.API.csproj", "{F3E9CE9F-6635-404C-B3BC-18CD99AEE61A}"
EndProject
Project("{FAE04EC0-301F-11D3-BF4B-00C04F79EFBC}") = "MBS_COMMAND.Presentation", "MBS_COMMAND.Presentation\MBS_COMMAND.Presentation.csproj", "{465CB867-E9F8-45E1-941A-2C47DAAA2E40}"
EndProject
Project("{FAE04EC0-301F-11D3-BF4B-00C04F79EFBC}") = "MBS_COMMAND.Application", "MBS_COMMAND.Application\MBS_COMMAND.Application.csproj", "{D2EB230B-1CA9-49C6-AF12-41049A20349E}"
EndProject
Project("{FAE04EC0-301F-11D3-BF4B-00C04F79EFBC}") = "MBS_COMMAND.Persistence", "MBS_COMMAND.Persistence\MBS_COMMAND.Persistence.csproj", "{6E004549-9EAB-46E8-8385-4700A361C153}"
EndProject
Project("{FAE04EC0-301F-11D3-BF4B-00C04F79EFBC}") = "MBS_COMMAND.Domain", "MBS_COMMAND.Domain\MBS_COMMAND.Domain.csproj", "{CA1DF0B1-FFD3-44FF-BAD3-D3FEFBC7660D}"
EndProject
Project("{FAE04EC0-301F-11D3-BF4B-00C04F79EFBC}") = "MBS_COMMAND.Contract", "MBS_COMMAND.Contract\MBS_COMMAND.Contract.csproj", "{E0A5630B-F82D-4A41-B1E2-69B64E523692}"
EndProject
Project("{FAE04EC0-301F-11D3-BF4B-00C04F79EFBC}") = "MBS_COMMAND.Infrastucture", "MBS_COMMAND.Infrastucture\MBS_COMMAND.Infrastucture.csproj", "{17A4F4A1-F9DE-4F77-8E94-32D2477447FF}"
EndProject
Global
	GlobalSection(SolutionConfigurationPlatforms) = preSolution
		Debug|Any CPU = Debug|Any CPU
		Release|Any CPU = Release|Any CPU
	EndGlobalSection
	GlobalSection(ProjectConfigurationPlatforms) = postSolution
		{F3E9CE9F-6635-404C-B3BC-18CD99AEE61A}.Debug|Any CPU.ActiveCfg = Debug|Any CPU
		{F3E9CE9F-6635-404C-B3BC-18CD99AEE61A}.Debug|Any CPU.Build.0 = Debug|Any CPU
		{F3E9CE9F-6635-404C-B3BC-18CD99AEE61A}.Release|Any CPU.ActiveCfg = Release|Any CPU
		{F3E9CE9F-6635-404C-B3BC-18CD99AEE61A}.Release|Any CPU.Build.0 = Release|Any CPU
		{465CB867-E9F8-45E1-941A-2C47DAAA2E40}.Debug|Any CPU.ActiveCfg = Debug|Any CPU
		{465CB867-E9F8-45E1-941A-2C47DAAA2E40}.Debug|Any CPU.Build.0 = Debug|Any CPU
		{465CB867-E9F8-45E1-941A-2C47DAAA2E40}.Release|Any CPU.ActiveCfg = Release|Any CPU
		{465CB867-E9F8-45E1-941A-2C47DAAA2E40}.Release|Any CPU.Build.0 = Release|Any CPU
		{D2EB230B-1CA9-49C6-AF12-41049A20349E}.Debug|Any CPU.ActiveCfg = Debug|Any CPU
		{D2EB230B-1CA9-49C6-AF12-41049A20349E}.Debug|Any CPU.Build.0 = Debug|Any CPU
		{D2EB230B-1CA9-49C6-AF12-41049A20349E}.Release|Any CPU.ActiveCfg = Release|Any CPU
		{D2EB230B-1CA9-49C6-AF12-41049A20349E}.Release|Any CPU.Build.0 = Release|Any CPU
		{6E004549-9EAB-46E8-8385-4700A361C153}.Debug|Any CPU.ActiveCfg = Debug|Any CPU
		{6E004549-9EAB-46E8-8385-4700A361C153}.Debug|Any CPU.Build.0 = Debug|Any CPU
		{6E004549-9EAB-46E8-8385-4700A361C153}.Release|Any CPU.ActiveCfg = Release|Any CPU
		{6E004549-9EAB-46E8-8385-4700A361C153}.Release|Any CPU.Build.0 = Release|Any CPU
		{CA1DF0B1-FFD3-44FF-BAD3-D3FEFBC7660D}.Debug|Any CPU.ActiveCfg = Debug|Any CPU
		{CA1DF0B1-FFD3-44FF-BAD3-D3FEFBC7660D}.Debug|Any CPU.Build.0 = Debug|Any CPU
		{CA1DF0B1-FFD3-44FF-BAD3-D3FEFBC7660D}.Release|Any CPU.ActiveCfg = Release|Any CPU
		{CA1DF0B1-FFD3-44FF-BAD3-D3FEFBC7660D}.Release|Any CPU.Build.0 = Release|Any CPU
		{E0A5630B-F82D-4A41-B1E2-69B64E523692}.Debug|Any CPU.ActiveCfg = Debug|Any CPU
		{E0A5630B-F82D-4A41-B1E2-69B64E523692}.Debug|Any CPU.Build.0 = Debug|Any CPU
		{E0A5630B-F82D-4A41-B1E2-69B64E523692}.Release|Any CPU.ActiveCfg = Release|Any CPU
		{E0A5630B-F82D-4A41-B1E2-69B64E523692}.Release|Any CPU.Build.0 = Release|Any CPU
		{17A4F4A1-F9DE-4F77-8E94-32D2477447FF}.Debug|Any CPU.ActiveCfg = Debug|Any CPU
		{17A4F4A1-F9DE-4F77-8E94-32D2477447FF}.Debug|Any CPU.Build.0 = Debug|Any CPU
		{17A4F4A1-F9DE-4F77-8E94-32D2477447FF}.Release|Any CPU.ActiveCfg = Release|Any CPU
		{17A4F4A1-F9DE-4F77-8E94-32D2477447FF}.Release|Any CPU.Build.0 = Release|Any CPU
	EndGlobalSection
EndGlobal
